
Microsoft Visual Studio Solution File, Format Version 11.00
# Visual Studio 2010
Project("{FAE04EC0-301F-11D3-BF4B-00C04F79EFBC}") = "Medical_Store_Management_SoftWare", "Medical_Store_Management_SoftWare\Medical_Store_Management_SoftWare.csproj", "{EEED678A-0F03-4054-B0CE-5326223FFA57}"
EndProject
Global
	GlobalSection(SolutionConfigurationPlatforms) = preSolution
		Debug|x86 = Debug|x86
		Release|x86 = Release|x86
	EndGlobalSection
	GlobalSection(ProjectConfigurationPlatforms) = postSolution
		{EEED678A-0F03-4054-B0CE-5326223FFA57}.Debug|x86.ActiveCfg = Debug|x86
		{EEED678A-0F03-4054-B0CE-5326223FFA57}.Debug|x86.Build.0 = Debug|x86
		{EEED678A-0F03-4054-B0CE-5326223FFA57}.Release|x86.ActiveCfg = Release|x86
		{EEED678A-0F03-4054-B0CE-5326223FFA57}.Release|x86.Build.0 = Release|x86
	EndGlobalSection
	GlobalSection(SolutionProperties) = preSolution
		HideSolutionNode = FALSE
	EndGlobalSection
EndGlobal
